
Microsoft Visual Studio Solution File, Format Version 12.00
# Visual Studio 2013
VisualStudioVersion = 12.0.31101.0
MinimumVisualStudioVersion = 10.0.40219.1
Project("{FAE04EC0-301F-11D3-BF4B-00C04F79EFBC}") = "Stubble.Extensions.Loaders", "Stubble.Extensions.Loaders\Stubble.Extensions.Loaders.csproj", "{46AE0FEA-0F39-4090-9E95-DBC72DC13D46}"
EndProject
Project("{FAE04EC0-301F-11D3-BF4B-00C04F79EFBC}") = "Stubble.Extensions.Loaders.Tests", "Stubble.Extensions.Loaders.Tests\Stubble.Extensions.Loaders.Tests.csproj", "{1896C84C-8BD3-42FF-A9B2-8E2367868B10}"
EndProject
Project("{2150E333-8FDC-42A3-9474-1A3956D46DE8}") = "Solution Items", "Solution Items", "{FC384DF1-A985-4751-8F38-5DA3A6ED94C6}"
	ProjectSection(SolutionItems) = preProject
		.editorconfig = .editorconfig
		.gitignore = .gitignore
		appveyor.yml = appveyor.yml
		licence.md = licence.md
		readme.md = readme.md
	EndProjectSection
EndProject
Project("{2150E333-8FDC-42A3-9474-1A3956D46DE8}") = ".nuget", ".nuget", "{7B1D5291-B949-4112-BA1F-86DD50B1A301}"
	ProjectSection(SolutionItems) = preProject
		.nuget\packages.config = .nuget\packages.config
	EndProjectSection
EndProject
Global
	GlobalSection(SolutionConfigurationPlatforms) = preSolution
		Debug|Any CPU = Debug|Any CPU
		Release|Any CPU = Release|Any CPU
	EndGlobalSection
	GlobalSection(ProjectConfigurationPlatforms) = postSolution
		{46AE0FEA-0F39-4090-9E95-DBC72DC13D46}.Debug|Any CPU.ActiveCfg = Debug|Any CPU
		{46AE0FEA-0F39-4090-9E95-DBC72DC13D46}.Debug|Any CPU.Build.0 = Debug|Any CPU
		{46AE0FEA-0F39-4090-9E95-DBC72DC13D46}.Release|Any CPU.ActiveCfg = Release|Any CPU
		{46AE0FEA-0F39-4090-9E95-DBC72DC13D46}.Release|Any CPU.Build.0 = Release|Any CPU
		{1896C84C-8BD3-42FF-A9B2-8E2367868B10}.Debug|Any CPU.ActiveCfg = Debug|Any CPU
		{1896C84C-8BD3-42FF-A9B2-8E2367868B10}.Debug|Any CPU.Build.0 = Debug|Any CPU
		{1896C84C-8BD3-42FF-A9B2-8E2367868B10}.Release|Any CPU.ActiveCfg = Release|Any CPU
		{1896C84C-8BD3-42FF-A9B2-8E2367868B10}.Release|Any CPU.Build.0 = Release|Any CPU
	EndGlobalSection
	GlobalSection(SolutionProperties) = preSolution
		HideSolutionNode = FALSE
	EndGlobalSection
EndGlobal
